
Microsoft Visual Studio Solution File, Format Version 12.00
# Visual Studio Version 16
VisualStudioVersion = 16.0.30204.135
MinimumVisualStudioVersion = 10.0.40219.1
Project("{8BC9CEB8-8B4A-11D0-8D11-00A0C91BC942}") = "GPU_GameOfLife", "GPU_GameOfLife.vcxproj", "{0319E9DC-A428-4DD4-8569-5C6E1F6CC0EF}"
EndProject
Global
	GlobalSection(SolutionConfigurationPlatforms) = preSolution
		Debug|x64 = Debug|x64
		Release|x64 = Release|x64
	EndGlobalSection
	GlobalSection(ProjectConfigurationPlatforms) = postSolution
		{0319E9DC-A428-4DD4-8569-5C6E1F6CC0EF}.Debug|x64.ActiveCfg = Debug|x64
		{0319E9DC-A428-4DD4-8569-5C6E1F6CC0EF}.Debug|x64.Build.0 = Debug|x64
		{0319E9DC-A428-4DD4-8569-5C6E1F6CC0EF}.Release|x64.ActiveCfg = Release|x64
		{0319E9DC-A428-4DD4-8569-5C6E1F6CC0EF}.Release|x64.Build.0 = Release|x64
	EndGlobalSection
	GlobalSection(SolutionProperties) = preSolution
		HideSolutionNode = FALSE
	EndGlobalSection
	GlobalSection(ExtensibilityGlobals) = postSolution
		SolutionGuid = {E915C8A5-DEA7-4D9F-97D4-929A3B2402D0}
	EndGlobalSection
EndGlobal
